
Microsoft Visual Studio Solution File, Format Version 12.00
Project("{FAE04EC0-301F-11D3-BF4B-00C04F79EFBC}") = "FarmXpert", "FarmXpert\FarmXpert\FarmXpert.csproj", "{3A3ABE7C-D897-4400-A36E-86B3A33A54C8}"
EndProject
Project("{FAE04EC0-301F-11D3-BF4B-00C04F79EFBC}") = "FarmXpert.Client", "FarmXpert\FarmXpert.Client\FarmXpert.Client.csproj", "{AFFCB946-D081-4913-891F-2AD6E6114AEB}"
EndProject
Project("{2150E333-8FDC-42A3-9474-1A3956D46DE8}") = "Solution Items", "Solution Items", "{4F9B4049-413C-4949-8D70-B6CD2EFF8551}"
	ProjectSection(SolutionItems) = preProject
		compose.yaml = compose.yaml
	EndProjectSection
EndProject
Project("{FAE04EC0-301F-11D3-BF4B-00C04F79EFBC}") = "FarmXpert.Application", "FarmXpert\FarmXpert.Application\FarmXpert.Application.csproj", "{DD990416-930C-435E-B875-B0B5EB428A20}"
EndProject
Project("{FAE04EC0-301F-11D3-BF4B-00C04F79EFBC}") = "FarmXpert.Domain", "FarmXpert\FarmXpert.Domain\FarmXpert.Domain.csproj", "{C32F082C-8841-4E29-BB51-EA5394E69518}"
EndProject
Project("{FAE04EC0-301F-11D3-BF4B-00C04F79EFBC}") = "FarmXpert.Infrastructure", "FarmXpert\FarmXpert.Infrastructure\FarmXpert.Infrastructure.csproj", "{D2C2A0EC-29D9-4DB6-9200-8C5316B757B7}"
EndProject
Project("{FAE04EC0-301F-11D3-BF4B-00C04F79EFBC}") = "FarmXpert.Shared", "FarmXpert\FarmXpert.Shared\FarmXpert.Shared.csproj", "{44E00201-E60E-4080-BF07-EDED133FFCFC}"
EndProject
Global
	GlobalSection(SolutionConfigurationPlatforms) = preSolution
		Debug|Any CPU = Debug|Any CPU
		Release|Any CPU = Release|Any CPU
	EndGlobalSection
	GlobalSection(ProjectConfigurationPlatforms) = postSolution
		{3A3ABE7C-D897-4400-A36E-86B3A33A54C8}.Debug|Any CPU.ActiveCfg = Debug|Any CPU
		{3A3ABE7C-D897-4400-A36E-86B3A33A54C8}.Debug|Any CPU.Build.0 = Debug|Any CPU
		{3A3ABE7C-D897-4400-A36E-86B3A33A54C8}.Release|Any CPU.ActiveCfg = Release|Any CPU
		{3A3ABE7C-D897-4400-A36E-86B3A33A54C8}.Release|Any CPU.Build.0 = Release|Any CPU
		{AFFCB946-D081-4913-891F-2AD6E6114AEB}.Debug|Any CPU.ActiveCfg = Debug|Any CPU
		{AFFCB946-D081-4913-891F-2AD6E6114AEB}.Debug|Any CPU.Build.0 = Debug|Any CPU
		{AFFCB946-D081-4913-891F-2AD6E6114AEB}.Release|Any CPU.ActiveCfg = Release|Any CPU
		{AFFCB946-D081-4913-891F-2AD6E6114AEB}.Release|Any CPU.Build.0 = Release|Any CPU
		{DD990416-930C-435E-B875-B0B5EB428A20}.Debug|Any CPU.ActiveCfg = Debug|Any CPU
		{DD990416-930C-435E-B875-B0B5EB428A20}.Debug|Any CPU.Build.0 = Debug|Any CPU
		{DD990416-930C-435E-B875-B0B5EB428A20}.Release|Any CPU.ActiveCfg = Release|Any CPU
		{DD990416-930C-435E-B875-B0B5EB428A20}.Release|Any CPU.Build.0 = Release|Any CPU
		{C32F082C-8841-4E29-BB51-EA5394E69518}.Debug|Any CPU.ActiveCfg = Debug|Any CPU
		{C32F082C-8841-4E29-BB51-EA5394E69518}.Debug|Any CPU.Build.0 = Debug|Any CPU
		{C32F082C-8841-4E29-BB51-EA5394E69518}.Release|Any CPU.ActiveCfg = Release|Any CPU
		{C32F082C-8841-4E29-BB51-EA5394E69518}.Release|Any CPU.Build.0 = Release|Any CPU
		{D2C2A0EC-29D9-4DB6-9200-8C5316B757B7}.Debug|Any CPU.ActiveCfg = Debug|Any CPU
		{D2C2A0EC-29D9-4DB6-9200-8C5316B757B7}.Debug|Any CPU.Build.0 = Debug|Any CPU
		{D2C2A0EC-29D9-4DB6-9200-8C5316B757B7}.Release|Any CPU.ActiveCfg = Release|Any CPU
		{D2C2A0EC-29D9-4DB6-9200-8C5316B757B7}.Release|Any CPU.Build.0 = Release|Any CPU
		{44E00201-E60E-4080-BF07-EDED133FFCFC}.Debug|Any CPU.ActiveCfg = Debug|Any CPU
		{44E00201-E60E-4080-BF07-EDED133FFCFC}.Debug|Any CPU.Build.0 = Debug|Any CPU
		{44E00201-E60E-4080-BF07-EDED133FFCFC}.Release|Any CPU.ActiveCfg = Release|Any CPU
		{44E00201-E60E-4080-BF07-EDED133FFCFC}.Release|Any CPU.Build.0 = Release|Any CPU
	EndGlobalSection
EndGlobal
